
Microsoft Visual Studio Solution File, Format Version 12.00
# Visual Studio 2013
VisualStudioVersion = 12.0.21005.1
MinimumVisualStudioVersion = 10.0.40219.1
Project("{FAE04EC0-301F-11D3-BF4B-00C04F79EFBC}") = "RongRental", "RongRental\RongRental.csproj", "{6A397253-C777-4D6B-83B6-3C35E38ED625}"
	ProjectSection(ProjectDependencies) = postProject
		{74D03466-5F83-4963-B2B1-8C41D1ADB141} = {74D03466-5F83-4963-B2B1-8C41D1ADB141}
		{D6FD0293-C90F-4160-96B3-6DEB1ABAED9E} = {D6FD0293-C90F-4160-96B3-6DEB1ABAED9E}
		{143B3DD2-2846-4F31-AF0A-952A1F02F1DE} = {143B3DD2-2846-4F31-AF0A-952A1F02F1DE}
	EndProjectSection
EndProject
Project("{2150E333-8FDC-42A3-9474-1A3956D46DE8}") = "RongKang_Bll", "RongKang_Bll", "{54E214A1-6CF2-4973-9AAE-DA991EFED7A2}"
EndProject
Project("{2150E333-8FDC-42A3-9474-1A3956D46DE8}") = "RongKang_Dal", "RongKang_Dal", "{278EA009-A70C-4766-8A1B-08CC92882EC2}"
EndProject
Project("{2150E333-8FDC-42A3-9474-1A3956D46DE8}") = "RongKang_Model", "RongKang_Model", "{61331F00-D47A-4C1F-98F7-D798F0FA0775}"
EndProject
Project("{2150E333-8FDC-42A3-9474-1A3956D46DE8}") = "RongKang_Common", "RongKang_Common", "{95718915-C1F0-466E-A946-6EDAF4988493}"
EndProject
Project("{FAE04EC0-301F-11D3-BF4B-00C04F79EFBC}") = "Web_Common", "Web_Common\Web_Common.csproj", "{D6FD0293-C90F-4160-96B3-6DEB1ABAED9E}"
EndProject
Project("{FAE04EC0-301F-11D3-BF4B-00C04F79EFBC}") = "RongKang_ViewModel", "RongKang_ViewModel\RongKang_ViewModel.csproj", "{9A6BFB82-99D1-4BCA-9C76-7190A59770A3}"
EndProject
Project("{FAE04EC0-301F-11D3-BF4B-00C04F79EFBC}") = "RongKang_Entity", "RongKang_Entity\RongKang_Entity.csproj", "{143B3DD2-2846-4F31-AF0A-952A1F02F1DE}"
EndProject
Project("{FAE04EC0-301F-11D3-BF4B-00C04F79EFBC}") = "RongKang_Bll", "RongKang_Bll\RongKang_Bll.csproj", "{D702A9FF-83F3-40CA-A462-2A87765E9BA5}"
EndProject
Project("{FAE04EC0-301F-11D3-BF4B-00C04F79EFBC}") = "RongKang_IBll", "RongKang_IBll\RongKang_IBll.csproj", "{74D03466-5F83-4963-B2B1-8C41D1ADB141}"
EndProject
Project("{FAE04EC0-301F-11D3-BF4B-00C04F79EFBC}") = "RongKang_Dal", "RongKang_Dal\RongKang_Dal.csproj", "{38039069-F9A0-4222-9525-0EB8AA1EB11E}"
EndProject
Project("{FAE04EC0-301F-11D3-BF4B-00C04F79EFBC}") = "RongKang_IDal", "RongKang_IDal\RongKang_IDal.csproj", "{21006BB4-2930-4031-BB93-956B56757877}"
EndProject
Project("{FAE04EC0-301F-11D3-BF4B-00C04F79EFBC}") = "Repository", "Repository\Repository.csproj", "{E18546CF-45B7-4655-80CA-602076314BE8}"
EndProject
Project("{FAE04EC0-301F-11D3-BF4B-00C04F79EFBC}") = "Redis", "Redis\Redis.csproj", "{9CE25DE7-2001-4EC1-ACF6-474FC8002189}"
EndProject
Global
	GlobalSection(SolutionConfigurationPlatforms) = preSolution
		Debug|Any CPU = Debug|Any CPU
		Release|Any CPU = Release|Any CPU
	EndGlobalSection
	GlobalSection(ProjectConfigurationPlatforms) = postSolution
		{6A397253-C777-4D6B-83B6-3C35E38ED625}.Debug|Any CPU.ActiveCfg = Debug|Any CPU
		{6A397253-C777-4D6B-83B6-3C35E38ED625}.Debug|Any CPU.Build.0 = Debug|Any CPU
		{6A397253-C777-4D6B-83B6-3C35E38ED625}.Release|Any CPU.ActiveCfg = Release|Any CPU
		{6A397253-C777-4D6B-83B6-3C35E38ED625}.Release|Any CPU.Build.0 = Release|Any CPU
		{D6FD0293-C90F-4160-96B3-6DEB1ABAED9E}.Debug|Any CPU.ActiveCfg = Debug|Any CPU
		{D6FD0293-C90F-4160-96B3-6DEB1ABAED9E}.Debug|Any CPU.Build.0 = Debug|Any CPU
		{D6FD0293-C90F-4160-96B3-6DEB1ABAED9E}.Release|Any CPU.ActiveCfg = Release|Any CPU
		{D6FD0293-C90F-4160-96B3-6DEB1ABAED9E}.Release|Any CPU.Build.0 = Release|Any CPU
		{9A6BFB82-99D1-4BCA-9C76-7190A59770A3}.Debug|Any CPU.ActiveCfg = Debug|Any CPU
		{9A6BFB82-99D1-4BCA-9C76-7190A59770A3}.Debug|Any CPU.Build.0 = Debug|Any CPU
		{9A6BFB82-99D1-4BCA-9C76-7190A59770A3}.Release|Any CPU.ActiveCfg = Release|Any CPU
		{9A6BFB82-99D1-4BCA-9C76-7190A59770A3}.Release|Any CPU.Build.0 = Release|Any CPU
		{143B3DD2-2846-4F31-AF0A-952A1F02F1DE}.Debug|Any CPU.ActiveCfg = Debug|Any CPU
		{143B3DD2-2846-4F31-AF0A-952A1F02F1DE}.Debug|Any CPU.Build.0 = Debug|Any CPU
		{143B3DD2-2846-4F31-AF0A-952A1F02F1DE}.Release|Any CPU.ActiveCfg = Release|Any CPU
		{143B3DD2-2846-4F31-AF0A-952A1F02F1DE}.Release|Any CPU.Build.0 = Release|Any CPU
		{D702A9FF-83F3-40CA-A462-2A87765E9BA5}.Debug|Any CPU.ActiveCfg = Debug|Any CPU
		{D702A9FF-83F3-40CA-A462-2A87765E9BA5}.Debug|Any CPU.Build.0 = Debug|Any CPU
		{D702A9FF-83F3-40CA-A462-2A87765E9BA5}.Release|Any CPU.ActiveCfg = Release|Any CPU
		{D702A9FF-83F3-40CA-A462-2A87765E9BA5}.Release|Any CPU.Build.0 = Release|Any CPU
		{74D03466-5F83-4963-B2B1-8C41D1ADB141}.Debug|Any CPU.ActiveCfg = Debug|Any CPU
		{74D03466-5F83-4963-B2B1-8C41D1ADB141}.Debug|Any CPU.Build.0 = Debug|Any CPU
		{74D03466-5F83-4963-B2B1-8C41D1ADB141}.Release|Any CPU.ActiveCfg = Release|Any CPU
		{74D03466-5F83-4963-B2B1-8C41D1ADB141}.Release|Any CPU.Build.0 = Release|Any CPU
		{38039069-F9A0-4222-9525-0EB8AA1EB11E}.Debug|Any CPU.ActiveCfg = Debug|Any CPU
		{38039069-F9A0-4222-9525-0EB8AA1EB11E}.Debug|Any CPU.Build.0 = Debug|Any CPU
		{38039069-F9A0-4222-9525-0EB8AA1EB11E}.Release|Any CPU.ActiveCfg = Release|Any CPU
		{38039069-F9A0-4222-9525-0EB8AA1EB11E}.Release|Any CPU.Build.0 = Release|Any CPU
		{21006BB4-2930-4031-BB93-956B56757877}.Debug|Any CPU.ActiveCfg = Debug|Any CPU
		{21006BB4-2930-4031-BB93-956B56757877}.Debug|Any CPU.Build.0 = Debug|Any CPU
		{21006BB4-2930-4031-BB93-956B56757877}.Release|Any CPU.ActiveCfg = Release|Any CPU
		{21006BB4-2930-4031-BB93-956B56757877}.Release|Any CPU.Build.0 = Release|Any CPU
		{E18546CF-45B7-4655-80CA-602076314BE8}.Debug|Any CPU.ActiveCfg = Debug|Any CPU
		{E18546CF-45B7-4655-80CA-602076314BE8}.Debug|Any CPU.Build.0 = Debug|Any CPU
		{E18546CF-45B7-4655-80CA-602076314BE8}.Release|Any CPU.ActiveCfg = Release|Any CPU
		{E18546CF-45B7-4655-80CA-602076314BE8}.Release|Any CPU.Build.0 = Release|Any CPU
		{9CE25DE7-2001-4EC1-ACF6-474FC8002189}.Debug|Any CPU.ActiveCfg = Debug|Any CPU
		{9CE25DE7-2001-4EC1-ACF6-474FC8002189}.Debug|Any CPU.Build.0 = Debug|Any CPU
		{9CE25DE7-2001-4EC1-ACF6-474FC8002189}.Release|Any CPU.ActiveCfg = Release|Any CPU
		{9CE25DE7-2001-4EC1-ACF6-474FC8002189}.Release|Any CPU.Build.0 = Release|Any CPU
	EndGlobalSection
	GlobalSection(SolutionProperties) = preSolution
		HideSolutionNode = FALSE
	EndGlobalSection
	GlobalSection(NestedProjects) = preSolution
		{D702A9FF-83F3-40CA-A462-2A87765E9BA5} = {54E214A1-6CF2-4973-9AAE-DA991EFED7A2}
		{74D03466-5F83-4963-B2B1-8C41D1ADB141} = {54E214A1-6CF2-4973-9AAE-DA991EFED7A2}
		{38039069-F9A0-4222-9525-0EB8AA1EB11E} = {278EA009-A70C-4766-8A1B-08CC92882EC2}
		{21006BB4-2930-4031-BB93-956B56757877} = {278EA009-A70C-4766-8A1B-08CC92882EC2}
		{E18546CF-45B7-4655-80CA-602076314BE8} = {278EA009-A70C-4766-8A1B-08CC92882EC2}
		{9CE25DE7-2001-4EC1-ACF6-474FC8002189} = {278EA009-A70C-4766-8A1B-08CC92882EC2}
		{9A6BFB82-99D1-4BCA-9C76-7190A59770A3} = {61331F00-D47A-4C1F-98F7-D798F0FA0775}
		{143B3DD2-2846-4F31-AF0A-952A1F02F1DE} = {61331F00-D47A-4C1F-98F7-D798F0FA0775}
		{D6FD0293-C90F-4160-96B3-6DEB1ABAED9E} = {95718915-C1F0-466E-A946-6EDAF4988493}
	EndGlobalSection
EndGlobal
